hash: aec675fc4428e70de14f6436b259ae34adf78b246d8dd326116fc94ec135015c
updated: 2017-02-05T20:34:13.322747593+01:00
imports:
- name: github.com/aokoli/goutils
  version: 9c37978a95bd5c709a15883b6242714ea6709e64
- name: github.com/awalterschulze/gographviz
  version: 057e6a5e9343c1e85264a73798ca7c7a197c8b69
  subpackages:
  - ast
  - errors
  - lexer
  - parser
  - token
- name: github.com/bugsnag/osext
  version: 0dd3f918b21bec95ace9dc86c7e70266cfc5c702
- name: github.com/deckarep/gosx-notifier
  version: 9daaf8a4715ebe4daf300036644762fe27d3aded
- name: github.com/docker/docker
  version: 4af2555a353a8f407c49adb57877ead436af04be
  subpackages:
  - api/types/strslice
- name: github.com/docker/go-units
  version: 0dadbb0345b35ec7ef35e228dabb8de89a65bf52
- name: github.com/docker/libcompose
  version: 5cba1677dc9906646fc639c21a098ed960033d2d
  subpackages:
  - yaml
- name: github.com/dustin/go-humanize
  version: 7a41df006ff9af79a29f0ffa9c5f21fbe6314a2d
- name: github.com/flynn/go-shlex
  version: 3f9db97f856818214da2e1057f8ad84803971cff
- name: github.com/gin-gonic/gin
  version: e2212d40c62a98b388a5eb48ecbdcf88534688ba
  subpackages:
  - binding
  - render
- name: github.com/go-ole/go-ole
  version: 5e9c030faf78847db7aa77e3661b9cc449de29b7
  subpackages:
  - oleutil
- name: github.com/golang/protobuf
  version: 2402d76f3d41f928c7902a765dfc872356dd3aad
  subpackages:
  - proto
- name: github.com/guelfey/go.dbus
  version: f6a3a2366cc39b8479cadc499d3c735fb10fbdda
- name: github.com/haklop/gnotifier
  version: 0de36badf60155d5953373ed432982b20c62fb91
- name: github.com/manucorporat/sse
  version: ee05b128a739a0fb76c7ebd3ae4810c1de808d6d
- name: github.com/Masterminds/sprig
  version: c974324bb59b465f00b128a055656d44f60e4ffc
- name: github.com/mattn/go-isatty
  version: 30a891c33c7cde7b02a981314b4228ec99380cca
- name: github.com/mattn/go-zglob
  version: 95345c4e1c0ebc9d16a3284177f09360f4d20fab
  subpackages:
  - fastwalk
- name: github.com/mgutz/ansi
  version: c286dcecd19ff979eeb73ea444e479b903f2cfcb
- name: github.com/satori/go.uuid
  version: 879c5887cd475cd7864858769793b2ceb0d44feb
- name: github.com/shirou/gopsutil
  version: 32b6636de04b303274daac3ca2b10d3b0e4afc35
  subpackages:
  - cpu
  - host
  - internal/common
  - mem
  - net
  - process
- name: github.com/shirou/w32
  version: bb4de0191aa41b5507caa14b0650cdbddcd9280b
- name: github.com/Sirupsen/logrus
  version: cd7d1bbe41066b6c1f19780f895901052150a575
- name: github.com/StackExchange/wmi
  version: e54cbda6595d7293a7a468ccf9525f6bc8887f99
- name: github.com/urfave/cli
  version: 347a9884a87374d000eec7e6445a34487c1f4a2b
- name: golang.org/x/crypto
  version: 5bcd134fee4dd1475da17714aac19c0aa0142e2f
  subpackages:
  - ssh/terminal
- name: golang.org/x/net
  version: f315505cf3349909cdf013ea56690da34e96a451
  subpackages:
  - context
- name: golang.org/x/sys
  version: d4feaf1a7e61e1d9e79e6c4e76c6349e9cab0a03
  subpackages:
  - unix
- name: golang.org/x/time
  version: f51c12702a4d776e4c1fa9b0fabab841babae631
  subpackages:
  - rate
- name: gopkg.in/go-playground/validator.v8
  version: c193cecd124b5cc722d7ee5538e945bdb3348435
- name: gopkg.in/yaml.v2
  version: 4c78c975fe7c825c6d1466c42be594d1d6f3aba6
testImports:
- name: github.com/gopherjs/gopherjs
  version: db27c7c470d7404b6b201f82d6fd4821260bd13e
  subpackages:
  - js
- name: github.com/jtolds/gls
  version: 8ddce2a84170772b95dd5d576c48d517b22cac63
- name: github.com/smartystreets/assertions
  version: 40711f7748186bbf9c99977cd89f21ce1a229447
  subpackages:
  - internal/go-render/render
  - internal/oglematchers
- name: github.com/smartystreets/goconvey
  version: d4c757aa9afd1e2fc1832aaab209b5794eb336e1
  subpackages:
  - convey
  - convey/gotest
  - convey/reporting
