hash: 97d05761c7f4101773abe4db4735d35bbd9799a682384901d14e9e8199a93479
updated: 2016-07-05T11:55:23.321910466+02:00
imports:
- name: github.com/bugsnag/osext
  version: ""
- name: github.com/codegangsta/cli
  version: ""
- name: github.com/flynn/go-shlex
  version: ""
- name: github.com/go-ole/go-ole
  version: ""
  subpackages:
  - oleutil
- name: github.com/gopherjs/gopherjs
  version: ""
  subpackages:
  - js
- name: github.com/jtolds/gls
  version: ""
- name: github.com/mgutz/ansi
  version: c286dcecd19ff979eeb73ea444e479b903f2cfcb
- name: github.com/shirou/gopsutil
  version: ""
  subpackages:
  - cpu
  - host
  - internal/common
  - mem
  - net
  - process
- name: github.com/shirou/w32
  version: ""
- name: github.com/Sirupsen/logrus
  version: ""
- name: github.com/smartystreets/assertions
  version: ""
  subpackages:
  - internal/go-render/render
  - internal/oglematchers
- name: github.com/smartystreets/goconvey
  version: ""
  subpackages:
  - convey
  - convey/gotest
  - convey/reporting
- name: github.com/StackExchange/wmi
  version: ""
- name: golang.org/x/crypto
  version: 0c565bf13221fb55497d7ae2bb95694db1fd1bff
  subpackages:
  - ssh/terminal
- name: golang.org/x/net
  version: ""
  subpackages:
  - context
- name: golang.org/x/sys
  version: ""
  subpackages:
  - unix
- name: gopkg.in/yaml.v2
  version: ""
devImports: []
